
Microsoft Visual Studio Solution File, Format Version 12.00
# Visual Studio 14
VisualStudioVersion = 14.0.25420.1
MinimumVisualStudioVersion = 10.0.40219.1
Project("{FAE04EC0-301F-11D3-BF4B-00C04F79EFBC}") = "ToyRobot.Tests", "ToyRobot.Tests\ToyRobot.Tests.csproj", "{3812157A-E3C0-4F63-96FA-A9A2B533FDF4}"
EndProject
Project("{2150E333-8FDC-42A3-9474-1A3956D46DE8}") = "Solution Items", "Solution Items", "{7ED687BF-7F4C-472D-B1CD-44E7AD8FDB90}"
	ProjectSection(SolutionItems) = preProject
		Readme.md = Readme.md
	EndProjectSection
EndProject
Project("{FAE04EC0-301F-11D3-BF4B-00C04F79EFBC}") = "ToyRobot.Console", "ToyRobot.Console\ToyRobot.Console.csproj", "{141426F0-1630-4F72-9AC5-C3F7C96866AB}"
EndProject
Project("{FAE04EC0-301F-11D3-BF4B-00C04F79EFBC}") = "ToyRobot.Library", "ToyRobot.Library\ToyRobot.Library.csproj", "{E543A2E8-2D9A-4D32-AD3B-8E906B255515}"
EndProject
Project("{FAE04EC0-301F-11D3-BF4B-00C04F79EFBC}") = "ToyRobot.CommandParser", "ToyRobot.CommandParser\ToyRobot.CommandParser.csproj", "{DAA3E45E-FFD3-489B-BBE0-BB20790345EA}"
EndProject
Project("{FAE04EC0-301F-11D3-BF4B-00C04F79EFBC}") = "ToyRobot.ConsoleEx", "ToyRobot.ConsoleEx\ToyRobot.ConsoleEx.csproj", "{6C1CBAB4-DB5D-4496-863D-693619591D05}"
EndProject
Project("{FAE04EC0-301F-11D3-BF4B-00C04F79EFBC}") = "ToyRobot.Aspects", "ToyRobot.Aspects\ToyRobot.Aspects.csproj", "{EB52F854-8E04-4F5B-A283-59641E109F3F}"
EndProject
Global
	GlobalSection(SolutionConfigurationPlatforms) = preSolution
		Debug|Any CPU = Debug|Any CPU
		Release|Any CPU = Release|Any CPU
	EndGlobalSection
	GlobalSection(ProjectConfigurationPlatforms) = postSolution
		{3812157A-E3C0-4F63-96FA-A9A2B533FDF4}.Debug|Any CPU.ActiveCfg = Debug|Any CPU
		{3812157A-E3C0-4F63-96FA-A9A2B533FDF4}.Debug|Any CPU.Build.0 = Debug|Any CPU
		{3812157A-E3C0-4F63-96FA-A9A2B533FDF4}.Release|Any CPU.ActiveCfg = Release|Any CPU
		{3812157A-E3C0-4F63-96FA-A9A2B533FDF4}.Release|Any CPU.Build.0 = Release|Any CPU
		{141426F0-1630-4F72-9AC5-C3F7C96866AB}.Debug|Any CPU.ActiveCfg = Debug|Any CPU
		{141426F0-1630-4F72-9AC5-C3F7C96866AB}.Debug|Any CPU.Build.0 = Debug|Any CPU
		{141426F0-1630-4F72-9AC5-C3F7C96866AB}.Release|Any CPU.ActiveCfg = Release|Any CPU
		{141426F0-1630-4F72-9AC5-C3F7C96866AB}.Release|Any CPU.Build.0 = Release|Any CPU
		{E543A2E8-2D9A-4D32-AD3B-8E906B255515}.Debug|Any CPU.ActiveCfg = Debug|Any CPU
		{E543A2E8-2D9A-4D32-AD3B-8E906B255515}.Debug|Any CPU.Build.0 = Debug|Any CPU
		{E543A2E8-2D9A-4D32-AD3B-8E906B255515}.Release|Any CPU.ActiveCfg = Release|Any CPU
		{E543A2E8-2D9A-4D32-AD3B-8E906B255515}.Release|Any CPU.Build.0 = Release|Any CPU
		{DAA3E45E-FFD3-489B-BBE0-BB20790345EA}.Debug|Any CPU.ActiveCfg = Debug|Any CPU
		{DAA3E45E-FFD3-489B-BBE0-BB20790345EA}.Debug|Any CPU.Build.0 = Debug|Any CPU
		{DAA3E45E-FFD3-489B-BBE0-BB20790345EA}.Release|Any CPU.ActiveCfg = Release|Any CPU
		{DAA3E45E-FFD3-489B-BBE0-BB20790345EA}.Release|Any CPU.Build.0 = Release|Any CPU
		{6C1CBAB4-DB5D-4496-863D-693619591D05}.Debug|Any CPU.ActiveCfg = Debug|Any CPU
		{6C1CBAB4-DB5D-4496-863D-693619591D05}.Debug|Any CPU.Build.0 = Debug|Any CPU
		{6C1CBAB4-DB5D-4496-863D-693619591D05}.Release|Any CPU.ActiveCfg = Release|Any CPU
		{6C1CBAB4-DB5D-4496-863D-693619591D05}.Release|Any CPU.Build.0 = Release|Any CPU
		{EB52F854-8E04-4F5B-A283-59641E109F3F}.Debug|Any CPU.ActiveCfg = Debug|Any CPU
		{EB52F854-8E04-4F5B-A283-59641E109F3F}.Debug|Any CPU.Build.0 = Debug|Any CPU
		{EB52F854-8E04-4F5B-A283-59641E109F3F}.Release|Any CPU.ActiveCfg = Release|Any CPU
		{EB52F854-8E04-4F5B-A283-59641E109F3F}.Release|Any CPU.Build.0 = Release|Any CPU
	EndGlobalSection
	GlobalSection(SolutionProperties) = preSolution
		HideSolutionNode = FALSE
	EndGlobalSection
EndGlobal
